<?xml version="1.0" encoding="utf-8"?>
<Project ToolsVersion="4.0" xmlns="http://schemas.microsoft.com/developer/msbuild/2003">
  <ItemGroup>
    <Filter Include="Исходные файлы">
      <UniqueIdentifier>{4FC737F1-C7A5-4376-A066-2A32D752A2FF}</UniqueIdentifier>
      <Extensions>cpp;c;cc;cxx;c++;cppm;ixx;def;odl;idl;hpj;bat;asm;asmx</Extensions>
    </Filter>
    <Filter Include="Файлы ресурсов">
      <UniqueIdentifier>{67DA6AB6-F800-4c08-8B7A-83BB121AAD01}</UniqueIdentifier>
      <Extensions>rc;ico;cur;bmp;dlg;rc2;rct;bin;rgs;gif;jpg;jpeg;jpe;resx;tiff;tif;png;wav;mfcribbon-ms</Extensions>
    </Filter>
    <Filter Include="Исходные файлы\Simulation">
      <UniqueIdentifier>{96e6382e-8195-44eb-a797-460d5ca997cb}</UniqueIdentifier>
    </Filter>
    <Filter Include="Исходные файлы\Visualization">
      <UniqueIdentifier>{ba9ad6ab-6d60-4906-ad3b-ba66e3c9740f}</UniqueIdentifier>
    </Filter>
    <Filter Include="Исходные файлы\Utility">
      <UniqueIdentifier>{38723e68-a1e7-4a01-a138-33e4cd15c1e0}</UniqueIdentifier>
    </Filter>
    <Filter Include="Исходные файлы\Root files">
      <UniqueIdentifier>{93995380-89BD-4b04-88EB-625FBE52EBFB}</UniqueIdentifier>
      <Extensions>h;hh;hpp;hxx;h++;hm;inl;inc;ipp;xsd</Extensions>
    </Filter>
  </ItemGroup>
  <ItemGroup>
    <ClCompile Include="Source\Simulation\State.cpp">
      <Filter>Исходные файлы\Simulation</Filter>
    </ClCompile>
    <ClCompile Include="Source\Simulation\Simulation.cpp">
      <Filter>Исходные файлы\Simulation</Filter>
    </ClCompile>
    <ClCompile Include="Source\Visualization\Audio.cpp">
      <Filter>Исходные файлы\Utility</Filter>
    </ClCompile>
    <ClCompile Include="Source\Visualization\Font.cpp">
      <Filter>Исходные файлы\Utility</Filter>
    </ClCompile>
    <ClCompile Include="Source\Visualization\Shader_loader.cpp">
      <Filter>Исходные файлы\Utility</Filter>
    </ClCompile>
    <ClCompile Include="Source\Visualization\Utility_graphic_fucntions.cpp">
      <Filter>Исходные файлы\Utility</Filter>
    </ClCompile>
    <ClCompile Include="Source\Utility\Config_loader.cpp">
      <Filter>Исходные файлы\Utility</Filter>
    </ClCompile>
    <ClCompile Include="Source\Visualization\AMGUI.cpp">
      <Filter>Исходные файлы\Visualization</Filter>
    </ClCompile>
    <ClCompile Include="Source\Visualization\Graphic_elements.cpp">
      <Filter>Исходные файлы\Visualization</Filter>
    </ClCompile>
    <ClCompile Include="Source\Visualization\Map.cpp">
      <Filter>Исходные файлы\Visualization</Filter>
    </ClCompile>
    <ClCompile Include="Source\Visualization\Scene.cpp">
      <Filter>Исходные файлы\Visualization</Filter>
    </ClCompile>
    <ClCompile Include="Source\Visualization\Visualization.cpp">
      <Filter>Исходные файлы\Visualization</Filter>
    </ClCompile>
    <ClCompile Include="Source\Visualization\World.cpp">
      <Filter>Исходные файлы\Visualization</Filter>
    </ClCompile>
    <ClCompile Include="main.cpp">
      <Filter>Исходные файлы\Root files</Filter>
    </ClCompile>
  </ItemGroup>
  <ItemGroup>
    <ClInclude Include="resource.h">
      <Filter>Файлы ресурсов</Filter>
    </ClInclude>
    <ClInclude Include="Source\Simulation\State.h">
      <Filter>Исходные файлы\Simulation</Filter>
    </ClInclude>
    <ClInclude Include="Source\Simulation\Simulation.h">
      <Filter>Исходные файлы\Simulation</Filter>
    </ClInclude>
    <ClInclude Include="Source\Visualization\Font.h">
      <Filter>Исходные файлы\Utility</Filter>
    </ClInclude>
    <ClInclude Include="Source\Visualization\Audio.h">
      <Filter>Исходные файлы\Utility</Filter>
    </ClInclude>
    <ClInclude Include="Source\Visualization\Shader_loader.h">
      <Filter>Исходные файлы\Utility</Filter>
    </ClInclude>
    <ClInclude Include="Source\Visualization\Utility_graphic_functions.h">
      <Filter>Исходные файлы\Utility</Filter>
    </ClInclude>
    <ClInclude Include="Source\Utility\Config_loader.h">
      <Filter>Исходные файлы\Utility</Filter>
    </ClInclude>
    <ClInclude Include="Source\Visualization\Graphic_elements.h">
      <Filter>Исходные файлы\Visualization</Filter>
    </ClInclude>
    <ClInclude Include="Source\Visualization\Map.h">
      <Filter>Исходные файлы\Visualization</Filter>
    </ClInclude>
    <ClInclude Include="Source\Visualization\Scene.h">
      <Filter>Исходные файлы\Visualization</Filter>
    </ClInclude>
    <ClInclude Include="Source\Visualization\Visualization.h">
      <Filter>Исходные файлы\Visualization</Filter>
    </ClInclude>
    <ClInclude Include="Source\Visualization\World.h">
      <Filter>Исходные файлы\Visualization</Filter>
    </ClInclude>
    <ClInclude Include="Source\Visualization\AMGUI.h">
      <Filter>Исходные файлы\Visualization</Filter>
    </ClInclude>
    <ClInclude Include="Source\Header.h">
      <Filter>Исходные файлы\Root files</Filter>
    </ClInclude>
  </ItemGroup>
  <ItemGroup>
    <ResourceCompile Include="Capital.rc">
      <Filter>Файлы ресурсов</Filter>
    </ResourceCompile>
  </ItemGroup>
  <ItemGroup>
    <Image Include="icon.ico">
      <Filter>Файлы ресурсов</Filter>
    </Image>
  </ItemGroup>
  <ItemGroup>
    <None Include="Resources\Shaders\fragment.sh">
      <Filter>Файлы ресурсов</Filter>
    </None>
    <None Include="Resources\Shaders\fragmentFont.sh">
      <Filter>Файлы ресурсов</Filter>
    </None>
    <None Include="Resources\Shaders\vertex.sh">
      <Filter>Файлы ресурсов</Filter>
    </None>
    <None Include="Resources\Shaders\vertexFont.sh">
      <Filter>Файлы ресурсов</Filter>
    </None>
  </ItemGroup>
</Project>