<?xml version="1.0" encoding="utf-8"?>
<Project ToolsVersion="4.0" xmlns="http://schemas.microsoft.com/developer/msbuild/2003">
  <ItemGroup>
    <Filter Include="Исходные файлы">
      <UniqueIdentifier>{4FC737F1-C7A5-4376-A066-2A32D752A2FF}</UniqueIdentifier>
      <Extensions>cpp;c;cc;cxx;c++;cppm;ixx;def;odl;idl;hpj;bat;asm;asmx</Extensions>
    </Filter>
    <Filter Include="Файлы заголовков">
      <UniqueIdentifier>{93995380-89BD-4b04-88EB-625FBE52EBFB}</UniqueIdentifier>
      <Extensions>h;hh;hpp;hxx;h++;hm;inl;inc;ipp;xsd</Extensions>
    </Filter>
    <Filter Include="Файлы ресурсов">
      <UniqueIdentifier>{67DA6AB6-F800-4c08-8B7A-83BB121AAD01}</UniqueIdentifier>
      <Extensions>rc;ico;cur;bmp;dlg;rc2;rct;bin;rgs;gif;jpg;jpeg;jpe;resx;tiff;tif;png;wav;mfcribbon-ms</Extensions>
    </Filter>
    <Filter Include="Исходные файлы\graphics">
      <UniqueIdentifier>{c50c2d51-9d98-4e6c-bb96-2f060502f496}</UniqueIdentifier>
    </Filter>
    <Filter Include="Файлы заголовков\graphics">
      <UniqueIdentifier>{19321a82-73f3-48a2-95c5-7cc3d65b4f4d}</UniqueIdentifier>
    </Filter>
    <Filter Include="Файлы заголовков\misc">
      <UniqueIdentifier>{e44d55c9-be30-41b1-bd76-1cddb9e918e7}</UniqueIdentifier>
    </Filter>
    <Filter Include="Исходные файлы\misc">
      <UniqueIdentifier>{1f6f5556-a2a2-4214-8403-934e5ac2c480}</UniqueIdentifier>
    </Filter>
  </ItemGroup>
  <ItemGroup>
    <ClCompile Include="main.cpp">
      <Filter>Исходные файлы</Filter>
    </ClCompile>
    <ClCompile Include="CAP_graphics.cpp">
      <Filter>Исходные файлы\graphics</Filter>
    </ClCompile>
    <ClCompile Include="GUI.cpp">
      <Filter>Исходные файлы\graphics</Filter>
    </ClCompile>
    <ClCompile Include="Graphics\shaders\CAP_shaderAux.cpp">
      <Filter>Исходные файлы\graphics</Filter>
    </ClCompile>
    <ClCompile Include="CAP_window.cpp">
      <Filter>Исходные файлы\graphics</Filter>
    </ClCompile>
    <ClCompile Include="font.cpp">
      <Filter>Исходные файлы\graphics</Filter>
    </ClCompile>
    <ClCompile Include="audio.cpp">
      <Filter>Исходные файлы\misc</Filter>
    </ClCompile>
    <ClCompile Include="misc\configLoader.cpp">
      <Filter>Исходные файлы\misc</Filter>
    </ClCompile>
    <ClCompile Include="buttons.cpp">
      <Filter>Исходные файлы\misc</Filter>
    </ClCompile>
  </ItemGroup>
  <ItemGroup>
    <ClInclude Include="Header.h">
      <Filter>Файлы заголовков</Filter>
    </ClInclude>
    <ClInclude Include="Graphics\CAP_graphics.h">
      <Filter>Файлы заголовков\graphics</Filter>
    </ClInclude>
    <ClInclude Include="CAP_window.h">
      <Filter>Файлы заголовков\graphics</Filter>
    </ClInclude>
    <ClInclude Include="Graphics\GUI.h">
      <Filter>Файлы заголовков\graphics</Filter>
    </ClInclude>
    <ClInclude Include="Scene.h">
      <Filter>Файлы заголовков\graphics</Filter>
    </ClInclude>
    <ClInclude Include="Graphics\SceneComposer.h">
      <Filter>Файлы заголовков\graphics</Filter>
    </ClInclude>
    <ClInclude Include="font.h">
      <Filter>Файлы заголовков\graphics</Filter>
    </ClInclude>
    <ClInclude Include="audio.h">
      <Filter>Файлы заголовков\misc</Filter>
    </ClInclude>
    <ClInclude Include="buttons.h">
      <Filter>Файлы заголовков\misc</Filter>
    </ClInclude>
    <ClInclude Include="Callbacks\Callbacks.h">
      <Filter>Файлы заголовков\misc</Filter>
    </ClInclude>
    <ClInclude Include="Graphics\CAP_shaderAux.h">
      <Filter>Файлы заголовков\misc</Filter>
    </ClInclude>
    <ClInclude Include="misc\configLoader.h">
      <Filter>Файлы заголовков\misc</Filter>
    </ClInclude>
  </ItemGroup>
  <ItemGroup>
    <None Include="Graphics\shaders\vertex.sh">
      <Filter>Файлы ресурсов</Filter>
    </None>
    <None Include="Graphics\shaders\fragment.sh">
      <Filter>Файлы ресурсов</Filter>
    </None>
    <None Include="Graphics\shaders\vertexFont.sh">
      <Filter>Файлы ресурсов</Filter>
    </None>
    <None Include="Graphics\shaders\fragmentFont.sh">
      <Filter>Файлы ресурсов</Filter>
    </None>
  </ItemGroup>
</Project>