<?xml version="1.0" encoding="utf-8"?>
<Project ToolsVersion="4.0" xmlns="http://schemas.microsoft.com/developer/msbuild/2003">
  <ItemGroup>
    <Filter Include="Исходные файлы">
      <UniqueIdentifier>{4FC737F1-C7A5-4376-A066-2A32D752A2FF}</UniqueIdentifier>
      <Extensions>cpp;c;cc;cxx;c++;cppm;ixx;def;odl;idl;hpj;bat;asm;asmx</Extensions>
    </Filter>
    <Filter Include="Файлы заголовков">
      <UniqueIdentifier>{93995380-89BD-4b04-88EB-625FBE52EBFB}</UniqueIdentifier>
      <Extensions>h;hh;hpp;hxx;h++;hm;inl;inc;ipp;xsd</Extensions>
    </Filter>
    <Filter Include="Файлы ресурсов">
      <UniqueIdentifier>{67DA6AB6-F800-4c08-8B7A-83BB121AAD01}</UniqueIdentifier>
      <Extensions>rc;ico;cur;bmp;dlg;rc2;rct;bin;rgs;gif;jpg;jpeg;jpe;resx;tiff;tif;png;wav;mfcribbon-ms</Extensions>
    </Filter>
    <Filter Include="Файлы заголовков\misc">
      <UniqueIdentifier>{e44d55c9-be30-41b1-bd76-1cddb9e918e7}</UniqueIdentifier>
    </Filter>
    <Filter Include="Исходные файлы\misc">
      <UniqueIdentifier>{1f6f5556-a2a2-4214-8403-934e5ac2c480}</UniqueIdentifier>
    </Filter>
    <Filter Include="Файлы заголовков\Graphics">
      <UniqueIdentifier>{53eb7a26-5f40-4400-822f-156615665499}</UniqueIdentifier>
    </Filter>
    <Filter Include="Исходные файлы\Graphics">
      <UniqueIdentifier>{1471f5a4-5d69-41d8-8084-0d98edf90063}</UniqueIdentifier>
    </Filter>
  </ItemGroup>
  <ItemGroup>
    <ClCompile Include="main.cpp">
      <Filter>Исходные файлы</Filter>
    </ClCompile>
    <ClCompile Include="audio.cpp">
      <Filter>Исходные файлы\misc</Filter>
    </ClCompile>
    <ClCompile Include="misc\configLoader.cpp">
      <Filter>Исходные файлы\misc</Filter>
    </ClCompile>
    <ClCompile Include="font.cpp">
      <Filter>Исходные файлы\misc</Filter>
    </ClCompile>
    <ClCompile Include="Capital.cpp">
      <Filter>Исходные файлы</Filter>
    </ClCompile>
    <ClCompile Include="Visualization.cpp">
      <Filter>Исходные файлы</Filter>
    </ClCompile>
    <ClCompile Include="Graphics\shaders\CAP_shaderAux.cpp">
      <Filter>Исходные файлы\misc</Filter>
    </ClCompile>
    <ClCompile Include="game\Simulation.cpp">
      <Filter>Исходные файлы</Filter>
    </ClCompile>
    <ClCompile Include="AMGUI\AMGUI.cpp">
      <Filter>Исходные файлы\Graphics</Filter>
    </ClCompile>
    <ClCompile Include="Map.cpp">
      <Filter>Исходные файлы\Graphics</Filter>
    </ClCompile>
    <ClCompile Include="Scene.cpp">
      <Filter>Исходные файлы\Graphics</Filter>
    </ClCompile>
    <ClCompile Include="Graphics\Utility_graphic_functions.cpp">
      <Filter>Исходные файлы\Graphics</Filter>
    </ClCompile>
    <ClCompile Include="Graphics\Graphic_element.cpp">
      <Filter>Исходные файлы\Graphics</Filter>
    </ClCompile>
  </ItemGroup>
  <ItemGroup>
    <ClInclude Include="audio.h">
      <Filter>Файлы заголовков\misc</Filter>
    </ClInclude>
    <ClInclude Include="Graphics\CAP_shaderAux.h">
      <Filter>Файлы заголовков\misc</Filter>
    </ClInclude>
    <ClInclude Include="misc\configLoader.h">
      <Filter>Файлы заголовков\misc</Filter>
    </ClInclude>
    <ClInclude Include="font.h">
      <Filter>Файлы заголовков\misc</Filter>
    </ClInclude>
    <ClInclude Include="Capital.h">
      <Filter>Файлы заголовков</Filter>
    </ClInclude>
    <ClInclude Include="Visualization.h">
      <Filter>Файлы заголовков</Filter>
    </ClInclude>
    <ClInclude Include="game\Simulation.h">
      <Filter>Файлы заголовков</Filter>
    </ClInclude>
    <ClInclude Include="Header.h">
      <Filter>Файлы заголовков\misc</Filter>
    </ClInclude>
    <ClInclude Include="resource.h">
      <Filter>Файлы заголовков\misc</Filter>
    </ClInclude>
    <ClInclude Include="AMGUI\AMGUI.h">
      <Filter>Файлы заголовков\Graphics</Filter>
    </ClInclude>
    <ClInclude Include="Map.h">
      <Filter>Файлы заголовков\Graphics</Filter>
    </ClInclude>
    <ClInclude Include="Scene.h">
      <Filter>Файлы заголовков\Graphics</Filter>
    </ClInclude>
    <ClInclude Include="Graphic_element.h">
      <Filter>Файлы заголовков\Graphics</Filter>
    </ClInclude>
    <ClInclude Include="Graphics\Utility_graphic_functions.h">
      <Filter>Файлы заголовков\Graphics</Filter>
    </ClInclude>
    <ClInclude Include="World.h">
      <Filter>Файлы заголовков</Filter>
    </ClInclude>
    <ClInclude Include="State.h">
      <Filter>Файлы заголовков</Filter>
    </ClInclude>
  </ItemGroup>
  <ItemGroup>
    <None Include="Graphics\shaders\vertex.sh">
      <Filter>Файлы ресурсов</Filter>
    </None>
    <None Include="Graphics\shaders\fragment.sh">
      <Filter>Файлы ресурсов</Filter>
    </None>
    <None Include="Graphics\shaders\vertexFont.sh">
      <Filter>Файлы ресурсов</Filter>
    </None>
    <None Include="Graphics\shaders\fragmentFont.sh">
      <Filter>Файлы ресурсов</Filter>
    </None>
  </ItemGroup>
  <ItemGroup>
    <ResourceCompile Include="Capital.rc">
      <Filter>Файлы ресурсов</Filter>
    </ResourceCompile>
  </ItemGroup>
  <ItemGroup>
    <Image Include="icon.ico">
      <Filter>Файлы ресурсов</Filter>
    </Image>
  </ItemGroup>
</Project>